// !$*UTF8*$!
{
	archiveVersion = 1;
	classes = {
	};
	objectVersion = 56;
	objects = {

/* Begin PBXBuildFile section */
		94B9F4F62A98F15C00FE892A /* MyChatApp.swift in Sources */ = {isa = PBXBuildFile; fileRef = 94B9F4F52A98F15C00FE892A /* MyChatApp.swift */; };
		94B9F4F82A98F15C00FE892A /* ContentView.swift in Sources */ = {isa = PBXBuildFile; fileRef = 94B9F4F72A98F15C00FE892A /* ContentView.swift */; };
		94B9F4FA2A98F15F00FE892A /* Assets.xcassets in Resources */ = {isa = PBXBuildFile; fileRef = 94B9F4F92A98F15F00FE892A /* Assets.xcassets */; };
		94B9F4FD2A98F15F00FE892A /* Preview Assets.xcassets in Resources */ = {isa = PBXBuildFile; fileRef = 94B9F4FC2A98F15F00FE892A /* Preview Assets.xcassets */; };
		94B9F5082A98F22600FE892A /* HomeLoginView.swift in Sources */ = {isa = PBXBuildFile; fileRef = 94B9F5072A98F22600FE892A /* HomeLoginView.swift */; };
		94B9F50B2A98F49800FE892A /* LoginButtonView.swift in Sources */ = {isa = PBXBuildFile; fileRef = 94B9F50A2A98F49800FE892A /* LoginButtonView.swift */; };
		94B9F50D2A98F59600FE892A /* SeparatorView.swift in Sources */ = {isa = PBXBuildFile; fileRef = 94B9F50C2A98F59600FE892A /* SeparatorView.swift */; };
		94B9F5112A990BE600FE892A /* RegisterEmailView.swift in Sources */ = {isa = PBXBuildFile; fileRef = 94B9F5102A990BE600FE892A /* RegisterEmailView.swift */; };
		94B9F5132A990C4A00FE892A /* TextFieldModifier.swift in Sources */ = {isa = PBXBuildFile; fileRef = 94B9F5122A990C4A00FE892A /* TextFieldModifier.swift */; };
		94B9F5152A9913C400FE892A /* CreateUsernameView.swift in Sources */ = {isa = PBXBuildFile; fileRef = 94B9F5142A9913C400FE892A /* CreateUsernameView.swift */; };
/* End PBXBuildFile section */

/* Begin PBXFileReference section */
		94B9F4F22A98F15C00FE892A /* MyChat.app */ = {isa = PBXFileReference; explicitFileType = wrapper.application; includeInIndex = 0; path = MyChat.app; sourceTree = BUILT_PRODUCTS_DIR; };
		94B9F4F52A98F15C00FE892A /* MyChatApp.swift */ = {isa = PBXFileReference; lastKnownFileType = sourcecode.swift; path = MyChatApp.swift; sourceTree = "<group>"; };
		94B9F4F72A98F15C00FE892A /* ContentView.swift */ = {isa = PBXFileReference; lastKnownFileType = sourcecode.swift; path = ContentView.swift; sourceTree = "<group>"; };
		94B9F4F92A98F15F00FE892A /* Assets.xcassets */ = {isa = PBXFileReference; lastKnownFileType = folder.assetcatalog; path = Assets.xcassets; sourceTree = "<group>"; };
		94B9F4FC2A98F15F00FE892A /* Preview Assets.xcassets */ = {isa = PBXFileReference; lastKnownFileType = folder.assetcatalog; path = "Preview Assets.xcassets"; sourceTree = "<group>"; };
		94B9F5072A98F22600FE892A /* HomeLoginView.swift */ = {isa = PBXFileReference; lastKnownFileType = sourcecode.swift; path = HomeLoginView.swift; sourceTree = "<group>"; };
		94B9F50A2A98F49800FE892A /* LoginButtonView.swift */ = {isa = PBXFileReference; fileEncoding = 4; lastKnownFileType = sourcecode.swift; path = LoginButtonView.swift; sourceTree = "<group>"; };
		94B9F50C2A98F59600FE892A /* SeparatorView.swift */ = {isa = PBXFileReference; lastKnownFileType = sourcecode.swift; path = SeparatorView.swift; sourceTree = "<group>"; };
		94B9F5102A990BE600FE892A /* RegisterEmailView.swift */ = {isa = PBXFileReference; lastKnownFileType = sourcecode.swift; path = RegisterEmailView.swift; sourceTree = "<group>"; };
		94B9F5122A990C4A00FE892A /* TextFieldModifier.swift */ = {isa = PBXFileReference; lastKnownFileType = sourcecode.swift; path = TextFieldModifier.swift; sourceTree = "<group>"; };
		94B9F5142A9913C400FE892A /* CreateUsernameView.swift */ = {isa = PBXFileReference; lastKnownFileType = sourcecode.swift; path = CreateUsernameView.swift; sourceTree = "<group>"; };
/* End PBXFileReference section */

/* Begin PBXFrameworksBuildPhase section */
		94B9F4EF2A98F15C00FE892A /* Frameworks */ = {
			isa = PBXFrameworksBuildPhase;
			buildActionMask = 2147483647;
			files = (
			);
			runOnlyForDeploymentPostprocessing = 0;
		};
/* End PBXFrameworksBuildPhase section */

/* Begin PBXGroup section */
		94B9F4E92A98F15C00FE892A = {
			isa = PBXGroup;
			children = (
				94B9F4F42A98F15C00FE892A /* MyChat */,
				94B9F4F32A98F15C00FE892A /* Products */,
			);
			sourceTree = "<group>";
		};
		94B9F4F32A98F15C00FE892A /* Products */ = {
			isa = PBXGroup;
			children = (
				94B9F4F22A98F15C00FE892A /* MyChat.app */,
			);
			name = Products;
			sourceTree = "<group>";
		};
		94B9F4F42A98F15C00FE892A /* MyChat */ = {
			isa = PBXGroup;
			children = (
				94B9F5042A98F1FA00FE892A /* Core */,
				94B9F5032A98F1EC00FE892A /* App */,
				94B9F4F72A98F15C00FE892A /* ContentView.swift */,
				94B9F4F92A98F15F00FE892A /* Assets.xcassets */,
				94B9F4FB2A98F15F00FE892A /* Preview Content */,
			);
			path = MyChat;
			sourceTree = "<group>";
		};
		94B9F4FB2A98F15F00FE892A /* Preview Content */ = {
			isa = PBXGroup;
			children = (
				94B9F4FC2A98F15F00FE892A /* Preview Assets.xcassets */,
			);
			path = "Preview Content";
			sourceTree = "<group>";
		};
		94B9F5032A98F1EC00FE892A /* App */ = {
			isa = PBXGroup;
			children = (
				94B9F4F52A98F15C00FE892A /* MyChatApp.swift */,
			);
			path = App;
			sourceTree = "<group>";
		};
		94B9F5042A98F1FA00FE892A /* Core */ = {
			isa = PBXGroup;
			children = (
				94B9F5052A98F1FF00FE892A /* Authentication */,
			);
			path = Core;
			sourceTree = "<group>";
		};
		94B9F5052A98F1FF00FE892A /* Authentication */ = {
			isa = PBXGroup;
			children = (
				94B9F5062A98F20F00FE892A /* View */,
			);
			path = Authentication;
			sourceTree = "<group>";
		};
		94B9F5062A98F20F00FE892A /* View */ = {
			isa = PBXGroup;
			children = (
				94B9F5092A98F46500FE892A /* Components */,
				94B9F5072A98F22600FE892A /* HomeLoginView.swift */,
				94B9F5102A990BE600FE892A /* RegisterEmailView.swift */,
				94B9F5142A9913C400FE892A /* CreateUsernameView.swift */,
			);
			path = View;
			sourceTree = "<group>";
		};
		94B9F5092A98F46500FE892A /* Components */ = {
			isa = PBXGroup;
			children = (
				94B9F50A2A98F49800FE892A /* LoginButtonView.swift */,
				94B9F50C2A98F59600FE892A /* SeparatorView.swift */,
				94B9F5122A990C4A00FE892A /* TextFieldModifier.swift */,
			);
			path = Components;
			sourceTree = "<group>";
		};
/* End PBXGroup section */

/* Begin PBXNativeTarget section */
		94B9F4F12A98F15C00FE892A /* MyChat */ = {
			isa = PBXNativeTarget;
			buildConfigurationList = 94B9F5002A98F15F00FE892A /* Build configuration list for PBXNativeTarget "MyChat" */;
			buildPhases = (
				94B9F4EE2A98F15C00FE892A /* Sources */,
				94B9F4EF2A98F15C00FE892A /* Frameworks */,
				94B9F4F02A98F15C00FE892A /* Resources */,
			);
			buildRules = (
			);
			dependencies = (
			);
			name = MyChat;
			productName = MyChat;
			productReference = 94B9F4F22A98F15C00FE892A /* MyChat.app */;
			productType = "com.apple.product-type.application";
		};
/* End PBXNativeTarget section */

/* Begin PBXProject section */
		94B9F4EA2A98F15C00FE892A /* Project object */ = {
			isa = PBXProject;
			attributes = {
				BuildIndependentTargetsInParallel = 1;
				LastSwiftUpdateCheck = 1500;
				LastUpgradeCheck = 1500;
				TargetAttributes = {
					94B9F4F12A98F15C00FE892A = {
						CreatedOnToolsVersion = 15.0;
					};
				};
			};
			buildConfigurationList = 94B9F4ED2A98F15C00FE892A /* Build configuration list for PBXProject "MyChat" */;
			compatibilityVersion = "Xcode 14.0";
			developmentRegion = en;
			hasScannedForEncodings = 0;
			knownRegions = (
				en,
				Base,
			);
			mainGroup = 94B9F4E92A98F15C00FE892A;
			productRefGroup = 94B9F4F32A98F15C00FE892A /* Products */;
			projectDirPath = "";
			projectRoot = "";
			targets = (
				94B9F4F12A98F15C00FE892A /* MyChat */,
			);
		};
/* End PBXProject section */

/* Begin PBXResourcesBuildPhase section */
		94B9F4F02A98F15C00FE892A /* Resources */ = {
			isa = PBXResourcesBuildPhase;
			buildActionMask = 2147483647;
			files = (
				94B9F4FD2A98F15F00FE892A /* Preview Assets.xcassets in Resources */,
				94B9F4FA2A98F15F00FE892A /* Assets.xcassets in Resources */,
			);
			runOnlyForDeploymentPostprocessing = 0;
		};
/* End PBXResourcesBuildPhase section */

/* Begin PBXSourcesBuildPhase section */
		94B9F4EE2A98F15C00FE892A /* Sources */ = {
			isa = PBXSourcesBuildPhase;
			buildActionMask = 2147483647;
			files = (
				94B9F5112A990BE600FE892A /* RegisterEmailView.swift in Sources */,
				94B9F50B2A98F49800FE892A /* LoginButtonView.swift in Sources */,
				94B9F5152A9913C400FE892A /* CreateUsernameView.swift in Sources */,
				94B9F4F82A98F15C00FE892A /* ContentView.swift in Sources */,
				94B9F50D2A98F59600FE892A /* SeparatorView.swift in Sources */,
				94B9F5132A990C4A00FE892A /* TextFieldModifier.swift in Sources */,
				94B9F4F62A98F15C00FE892A /* MyChatApp.swift in Sources */,
				94B9F5082A98F22600FE892A /* HomeLoginView.swift in Sources */,
			);
			runOnlyForDeploymentPostprocessing = 0;
		};
/* End PBXSourcesBuildPhase section */

/* Begin XCBuildConfiguration section */
		94B9F4FE2A98F15F00FE892A /* Debug */ = {
			isa = XCBuildConfiguration;
			buildSettings = {
				ALWAYS_SEARCH_USER_PATHS = NO;
				ASSETCATALOG_COMPILER_GENERATE_SWIFT_ASSET_SYMBOL_EXTENSIONS = YES;
				CLANG_ANALYZER_NONNULL = YES;
				CLANG_ANALYZER_NUMBER_OBJECT_CONVERSION = YES_AGGRESSIVE;
				CLANG_CXX_LANGUAGE_STANDARD = "gnu++20";
				CLANG_ENABLE_MODULES = YES;
				CLANG_ENABLE_OBJC_ARC = YES;
				CLANG_ENABLE_OBJC_WEAK = YES;
				CLANG_WARN_BLOCK_CAPTURE_AUTORELEASING = YES;
				CLANG_WARN_BOOL_CONVERSION = YES;
				CLANG_WARN_COMMA = YES;
				CLANG_WARN_CONSTANT_CONVERSION = YES;
				CLANG_WARN_DEPRECATED_OBJC_IMPLEMENTATIONS = YES;
				CLANG_WARN_DIRECT_OBJC_ISA_USAGE = YES_ERROR;
				CLANG_WARN_DOCUMENTATION_COMMENTS = YES;
				CLANG_WARN_EMPTY_BODY = YES;
				CLANG_WARN_ENUM_CONVERSION = YES;
				CLANG_WARN_INFINITE_RECURSION = YES;
				CLANG_WARN_INT_CONVERSION = YES;
				CLANG_WARN_NON_LITERAL_NULL_CONVERSION = YES;
				CLANG_WARN_OBJC_IMPLICIT_RETAIN_SELF = YES;
				CLANG_WARN_OBJC_LITERAL_CONVERSION = YES;
				CLANG_WARN_OBJC_ROOT_CLASS = YES_ERROR;
				CLANG_WARN_QUOTED_INCLUDE_IN_FRAMEWORK_HEADER = YES;
				CLANG_WARN_RANGE_LOOP_ANALYSIS = YES;
				CLANG_WARN_STRICT_PROTOTYPES = YES;
				CLANG_WARN_SUSPICIOUS_MOVE = YES;
				CLANG_WARN_UNGUARDED_AVAILABILITY = YES_AGGRESSIVE;
				CLANG_WARN_UNREACHABLE_CODE = YES;
				CLANG_WARN__DUPLICATE_METHOD_MATCH = YES;
				COPY_PHASE_STRIP = NO;
				DEBUG_INFORMATION_FORMAT = dwarf;
				ENABLE_STRICT_OBJC_MSGSEND = YES;
				ENABLE_TESTABILITY = YES;
				ENABLE_USER_SCRIPT_SANDBOXING = YES;
				GCC_C_LANGUAGE_STANDARD = gnu17;
				GCC_DYNAMIC_NO_PIC = NO;
				GCC_NO_COMMON_BLOCKS = YES;
				GCC_OPTIMIZATION_LEVEL = 0;
				GCC_PREPROCESSOR_DEFINITIONS = (
					"DEBUG=1",
					"$(inherited)",
				);
				GCC_WARN_64_TO_32_BIT_CONVERSION = YES;
				GCC_WARN_ABOUT_RETURN_TYPE = YES_ERROR;
				GCC_WARN_UNDECLARED_SELECTOR = YES;
				GCC_WARN_UNINITIALIZED_AUTOS = YES_AGGRESSIVE;
				GCC_WARN_UNUSED_FUNCTION = YES;
				GCC_WARN_UNUSED_VARIABLE = YES;
				IPHONEOS_DEPLOYMENT_TARGET = 17.0;
				LOCALIZATION_PREFERS_STRING_CATALOGS = YES;
				MTL_ENABLE_DEBUG_INFO = INCLUDE_SOURCE;
				MTL_FAST_MATH = YES;
				ONLY_ACTIVE_ARCH = YES;
				SDKROOT = iphoneos;
				SWIFT_ACTIVE_COMPILATION_CONDITIONS = "DEBUG $(inherited)";
				SWIFT_OPTIMIZATION_LEVEL = "-Onone";
			};
			name = Debug;
		};
		94B9F4FF2A98F15F00FE892A /* Release */ = {
			isa = XCBuildConfiguration;
			buildSettings = {
				ALWAYS_SEARCH_USER_PATHS = NO;
				ASSETCATALOG_COMPILER_GENERATE_SWIFT_ASSET_SYMBOL_EXTENSIONS = YES;
				CLANG_ANALYZER_NONNULL = YES;
				CLANG_ANALYZER_NUMBER_OBJECT_CONVERSION = YES_AGGRESSIVE;
				CLANG_CXX_LANGUAGE_STANDARD = "gnu++20";
				CLANG_ENABLE_MODULES = YES;
				CLANG_ENABLE_OBJC_ARC = YES;
				CLANG_ENABLE_OBJC_WEAK = YES;
				CLANG_WARN_BLOCK_CAPTURE_AUTORELEASING = YES;
				CLANG_WARN_BOOL_CONVERSION = YES;
				CLANG_WARN_COMMA = YES;
				CLANG_WARN_CONSTANT_CONVERSION = YES;
				CLANG_WARN_DEPRECATED_OBJC_IMPLEMENTATIONS = YES;
				CLANG_WARN_DIRECT_OBJC_ISA_USAGE = YES_ERROR;
				CLANG_WARN_DOCUMENTATION_COMMENTS = YES;
				CLANG_WARN_EMPTY_BODY = YES;
				CLANG_WARN_ENUM_CONVERSION = YES;
				CLANG_WARN_INFINITE_RECURSION = YES;
				CLANG_WARN_INT_CONVERSION = YES;
				CLANG_WARN_NON_LITERAL_NULL_CONVERSION = YES;
				CLANG_WARN_OBJC_IMPLICIT_RETAIN_SELF = YES;
				CLANG_WARN_OBJC_LITERAL_CONVERSION = YES;
				CLANG_WARN_OBJC_ROOT_CLASS = YES_ERROR;
				CLANG_WARN_QUOTED_INCLUDE_IN_FRAMEWORK_HEADER = YES;
				CLANG_WARN_RANGE_LOOP_ANALYSIS = YES;
				CLANG_WARN_STRICT_PROTOTYPES = YES;
				CLANG_WARN_SUSPICIOUS_MOVE = YES;
				CLANG_WARN_UNGUARDED_AVAILABILITY = YES_AGGRESSIVE;
				CLANG_WARN_UNREACHABLE_CODE = YES;
				CLANG_WARN__DUPLICATE_METHOD_MATCH = YES;
				COPY_PHASE_STRIP = NO;
				DEBUG_INFORMATION_FORMAT = "dwarf-with-dsym";
				ENABLE_NS_ASSERTIONS = NO;
				ENABLE_STRICT_OBJC_MSGSEND = YES;
				ENABLE_USER_SCRIPT_SANDBOXING = YES;
				GCC_C_LANGUAGE_STANDARD = gnu17;
				GCC_NO_COMMON_BLOCKS = YES;
				GCC_WARN_64_TO_32_BIT_CONVERSION = YES;
				GCC_WARN_ABOUT_RETURN_TYPE = YES_ERROR;
				GCC_WARN_UNDECLARED_SELECTOR = YES;
				GCC_WARN_UNINITIALIZED_AUTOS = YES_AGGRESSIVE;
				GCC_WARN_UNUSED_FUNCTION = YES;
				GCC_WARN_UNUSED_VARIABLE = YES;
				IPHONEOS_DEPLOYMENT_TARGET = 17.0;
				LOCALIZATION_PREFERS_STRING_CATALOGS = YES;
				MTL_ENABLE_DEBUG_INFO = NO;
				MTL_FAST_MATH = YES;
				SDKROOT = iphoneos;
				SWIFT_COMPILATION_MODE = wholemodule;
				VALIDATE_PRODUCT = YES;
			};
			name = Release;
		};
		94B9F5012A98F15F00FE892A /* Debug */ = {
			isa = XCBuildConfiguration;
			buildSettings = {
				ASSETCATALOG_COMPILER_APPICON_NAME = AppIcon;
				ASSETCATALOG_COMPILER_GLOBAL_ACCENT_COLOR_NAME = AccentColor;
				CODE_SIGN_STYLE = Automatic;
				CURRENT_PROJECT_VERSION = 1;
				DEVELOPMENT_ASSET_PATHS = "\"MyChat/Preview Content\"";
				ENABLE_PREVIEWS = YES;
				GENERATE_INFOPLIST_FILE = YES;
				INFOPLIST_KEY_UIApplicationSceneManifest_Generation = YES;
				INFOPLIST_KEY_UIApplicationSupportsIndirectInputEvents = YES;
				INFOPLIST_KEY_UILaunchScreen_Generation = YES;
				INFOPLIST_KEY_UISupportedInterfaceOrientations_iPad = "UIInterfaceOrientationPortrait UIInterfaceOrientationPortraitUpsideDown UIInterfaceOrientationLandscapeLeft UIInterfaceOrientationLandscapeRight";
				INFOPLIST_KEY_UISupportedInterfaceOrientations_iPhone = "UIInterfaceOrientationPortrait UIInterfaceOrientationLandscapeLeft UIInterfaceOrientationLandscapeRight";
				LD_RUNPATH_SEARCH_PATHS = (
					"$(inherited)",
					"@executable_path/Frameworks",
				);
				MARKETING_VERSION = 1.0;
				PRODUCT_BUNDLE_IDENTIFIER = com.lucasnewlands.MyChat;
				PRODUCT_NAME = "$(TARGET_NAME)";
				SWIFT_EMIT_LOC_STRINGS = YES;
				SWIFT_VERSION = 5.0;
				TARGETED_DEVICE_FAMILY = "1,2";
			};
			name = Debug;
		};
		94B9F5022A98F15F00FE892A /* Release */ = {
			isa = XCBuildConfiguration;
			buildSettings = {
				ASSETCATALOG_COMPILER_APPICON_NAME = AppIcon;
				ASSETCATALOG_COMPILER_GLOBAL_ACCENT_COLOR_NAME = AccentColor;
				CODE_SIGN_STYLE = Automatic;
				CURRENT_PROJECT_VERSION = 1;
				DEVELOPMENT_ASSET_PATHS = "\"MyChat/Preview Content\"";
				ENABLE_PREVIEWS = YES;
				GENERATE_INFOPLIST_FILE = YES;
				INFOPLIST_KEY_UIApplicationSceneManifest_Generation = YES;
				INFOPLIST_KEY_UIApplicationSupportsIndirectInputEvents = YES;
				INFOPLIST_KEY_UILaunchScreen_Generation = YES;
				INFOPLIST_KEY_UISupportedInterfaceOrientations_iPad = "UIInterfaceOrientationPortrait UIInterfaceOrientationPortraitUpsideDown UIInterfaceOrientationLandscapeLeft UIInterfaceOrientationLandscapeRight";
				INFOPLIST_KEY_UISupportedInterfaceOrientations_iPhone = "UIInterfaceOrientationPortrait UIInterfaceOrientationLandscapeLeft UIInterfaceOrientationLandscapeRight";
				LD_RUNPATH_SEARCH_PATHS = (
					"$(inherited)",
					"@executable_path/Frameworks",
				);
				MARKETING_VERSION = 1.0;
				PRODUCT_BUNDLE_IDENTIFIER = com.lucasnewlands.MyChat;
				PRODUCT_NAME = "$(TARGET_NAME)";
				SWIFT_EMIT_LOC_STRINGS = YES;
				SWIFT_VERSION = 5.0;
				TARGETED_DEVICE_FAMILY = "1,2";
			};
			name = Release;
		};
/* End XCBuildConfiguration section */

/* Begin XCConfigurationList section */
		94B9F4ED2A98F15C00FE892A /* Build configuration list for PBXProject "MyChat" */ = {
			isa = XCConfigurationList;
			buildConfigurations = (
				94B9F4FE2A98F15F00FE892A /* Debug */,
				94B9F4FF2A98F15F00FE892A /* Release */,
			);
			defaultConfigurationIsVisible = 0;
			defaultConfigurationName = Release;
		};
		94B9F5002A98F15F00FE892A /* Build configuration list for PBXNativeTarget "MyChat" */ = {
			isa = XCConfigurationList;
			buildConfigurations = (
				94B9F5012A98F15F00FE892A /* Debug */,
				94B9F5022A98F15F00FE892A /* Release */,
			);
			defaultConfigurationIsVisible = 0;
			defaultConfigurationName = Release;
		};
/* End XCConfigurationList section */
	};
	rootObject = 94B9F4EA2A98F15C00FE892A /* Project object */;
}
